
Microsoft Visual Studio Solution File, Format Version 12.00
# Visual Studio Version 17
VisualStudioVersion = 17.9.34701.34
MinimumVisualStudioVersion = 10.0.40219.1
Project("{9A19103F-16F7-4668-BE54-9A1E7A4F7556}") = "FitnessApp.Mongo2Go", "FitnessApp.Mongo2Go\FitnessApp.Mongo2Go.csproj", "{D2767FB8-7D34-4936-988B-1800B333805B}"
EndProject
Global
	GlobalSection(SolutionConfigurationPlatforms) = preSolution
		Debug|Any CPU = Debug|Any CPU
		Release|Any CPU = Release|Any CPU
	EndGlobalSection
	GlobalSection(ProjectConfigurationPlatforms) = postSolution
		{D2767FB8-7D34-4936-988B-1800B333805B}.Debug|Any CPU.ActiveCfg = Debug|Any CPU
		{D2767FB8-7D34-4936-988B-1800B333805B}.Debug|Any CPU.Build.0 = Debug|Any CPU
		{D2767FB8-7D34-4936-988B-1800B333805B}.Release|Any CPU.ActiveCfg = Release|Any CPU
		{D2767FB8-7D34-4936-988B-1800B333805B}.Release|Any CPU.Build.0 = Release|Any CPU
	EndGlobalSection
	GlobalSection(SolutionProperties) = preSolution
		HideSolutionNode = FALSE
	EndGlobalSection
	GlobalSection(ExtensibilityGlobals) = postSolution
		SolutionGuid = {FC2BFEA3-26BB-4F4C-BC69-EA4681C5BD6B}
	EndGlobalSection
EndGlobal
